
Microsoft Visual Studio Solution File, Format Version 12.00
# Visual Studio Version 17
VisualStudioVersion = 17.13.35818.85 d17.13
MinimumVisualStudioVersion = 10.0.40219.1
Project("{FAE04EC0-301F-11D3-BF4B-00C04F79EFBC}") = "Prueba12121212", "Prueba12121212.csproj", "{459112E9-C77E-4445-A657-4630CEB3BDE1}"
EndProject
Global
	GlobalSection(SolutionConfigurationPlatforms) = preSolution
		Debug|Any CPU = Debug|Any CPU
		Release|Any CPU = Release|Any CPU
	EndGlobalSection
	GlobalSection(ProjectConfigurationPlatforms) = postSolution
		{459112E9-C77E-4445-A657-4630CEB3BDE1}.Debug|Any CPU.ActiveCfg = Debug|Any CPU
		{459112E9-C77E-4445-A657-4630CEB3BDE1}.Debug|Any CPU.Build.0 = Debug|Any CPU
		{459112E9-C77E-4445-A657-4630CEB3BDE1}.Release|Any CPU.ActiveCfg = Release|Any CPU
		{459112E9-C77E-4445-A657-4630CEB3BDE1}.Release|Any CPU.Build.0 = Release|Any CPU
	EndGlobalSection
	GlobalSection(SolutionProperties) = preSolution
		HideSolutionNode = FALSE
	EndGlobalSection
	GlobalSection(ExtensibilityGlobals) = postSolution
		SolutionGuid = {812CE676-B938-4F3A-B65C-9856714B72D9}
	EndGlobalSection
EndGlobal
